# This file is automatically @generated by Cargo.
# It is not intended for manual editing.
version = 4

[[package]]
name = "cli-runner"
version = "0.1.0"

[[package]]
name = "cross-builder"
version = "0.1.0"

[[package]]
name = "homebrew-utils"
version = "0.1.0"

[[package]]
name = "net-tools"
version = "0.1.0"

[[package]]
name = "psx-rpc"
version = "0.1.0"

[[package]]
name = "psx-tools"
version = "0.1.0"
